// !$*UTF8*$!
{
	archiveVersion = 1;
	classes = {
	};
	objectVersion = 46;
	objects = {

/* Begin PBXBuildFile section */
		34CE41711B3A44F300B2B5B5 /* main.m in Sources */ = {isa = PBXBuildFile; fileRef = 34CE41701B3A44F300B2B5B5 /* main.m */; };
		34CE41741B3A44F300B2B5B5 /* AppDelegate.m in Sources */ = {isa = PBXBuildFile; fileRef = 34CE41731B3A44F300B2B5B5 /* AppDelegate.m */; };
		34CE41761B3A44F300B2B5B5 /* Images.xcassets in Resources */ = {isa = PBXBuildFile; fileRef = 34CE41751B3A44F300B2B5B5 /* Images.xcassets */; };
		34CE41791B3A44F300B2B5B5 /* LaunchScreen.xib in Resources */ = {isa = PBXBuildFile; fileRef = 34CE41771B3A44F300B2B5B5 /* LaunchScreen.xib */; };
		34CE41851B3A44F300B2B5B5 /* LearnGitTests.m in Sources */ = {isa = PBXBuildFile; fileRef = 34CE41841B3A44F300B2B5B5 /* LearnGitTests.m */; };
		34CE41901B3A478600B2B5B5 /* gaga.m in Sources */ = {isa = PBXBuildFile; fileRef = 34CE418F1B3A478600B2B5B5 /* gaga.m */; };
/* End PBXBuildFile section */

/* Begin PBXContainerItemProxy section */
		34CE417F1B3A44F300B2B5B5 /* PBXContainerItemProxy */ = {
			isa = PBXContainerItemProxy;
			containerPortal = 34CE41631B3A44F300B2B5B5 /* Project object */;
			proxyType = 1;
			remoteGlobalIDString = 34CE416A1B3A44F300B2B5B5;
			remoteInfo = LearnGit;
		};
/* End PBXContainerItemProxy section */

/* Begin PBXFileReference section */
		34CE416B1B3A44F300B2B5B5 /* LearnGit.app */ = {isa = PBXFileReference; explicitFileType = wrapper.application; includeInIndex = 0; path = LearnGit.app; sourceTree = BUILT_PRODUCTS_DIR; };
		34CE416F1B3A44F300B2B5B5 /* Info.plist */ = {isa = PBXFileReference; lastKnownFileType = text.plist.xml; path = Info.plist; sourceTree = "<group>"; };
		34CE41701B3A44F300B2B5B5 /* main.m */ = {isa = PBXFileReference; lastKnownFileType = sourcecode.c.objc; path = main.m; sourceTree = "<group>"; };
		34CE41721B3A44F300B2B5B5 /* AppDelegate.h */ = {isa = PBXFileReference; lastKnownFileType = sourcecode.c.h; path = AppDelegate.h; sourceTree = "<group>"; };
		34CE41731B3A44F300B2B5B5 /* AppDelegate.m */ = {isa = PBXFileReference; lastKnownFileType = sourcecode.c.objc; path = AppDelegate.m; sourceTree = "<group>"; };
		34CE41751B3A44F300B2B5B5 /* Images.xcassets */ = {isa = PBXFileReference; lastKnownFileType = folder.assetcatalog; path = Images.xcassets; sourceTree = "<group>"; };
		34CE41781B3A44F300B2B5B5 /* Base */ = {isa = PBXFileReference; lastKnownFileType = file.xib; name = Base; path = Base.lproj/LaunchScreen.xib; sourceTree = "<group>"; };
		34CE417E1B3A44F300B2B5B5 /* LearnGitTests.xctest */ = {isa = PBXFileReference; explicitFileType = wrapper.cfbundle; includeInIndex = 0; path = LearnGitTests.xctest; sourceTree = BUILT_PRODUCTS_DIR; };
		34CE41831B3A44F300B2B5B5 /* Info.plist */ = {isa = PBXFileReference; lastKnownFileType = text.plist.xml; path = Info.plist; sourceTree = "<group>"; };
		34CE41841B3A44F300B2B5B5 /* LearnGitTests.m */ = {isa = PBXFileReference; lastKnownFileType = sourcecode.c.objc; path = LearnGitTests.m; sourceTree = "<group>"; };
		34CE418E1B3A478600B2B5B5 /* gaga.h */ = {isa = PBXFileReference; fileEncoding = 4; lastKnownFileType = sourcecode.c.h; path = gaga.h; sourceTree = "<group>"; };
		34CE418F1B3A478600B2B5B5 /* gaga.m */ = {isa = PBXFileReference; fileEncoding = 4; lastKnownFileType = sourcecode.c.objc; path = gaga.m; sourceTree = "<group>"; };
/* End PBXFileReference section */

/* Begin PBXFrameworksBuildPhase section */
		34CE41681B3A44F300B2B5B5 /* Frameworks */ = {
			isa = PBXFrameworksBuildPhase;
			buildActionMask = 2147483647;
			files = (
			);
			runOnlyForDeploymentPostprocessing = 0;
		};
		34CE417B1B3A44F300B2B5B5 /* Frameworks */ = {
			isa = PBXFrameworksBuildPhase;
			buildActionMask = 2147483647;
			files = (
			);
			runOnlyForDeploymentPostprocessing = 0;
		};
/* End PBXFrameworksBuildPhase section */

/* Begin PBXGroup section */
		34CE41621B3A44F300B2B5B5 = {
			isa = PBXGroup;
			children = (
				34CE416D1B3A44F300B2B5B5 /* LearnGit */,
				34CE41811B3A44F300B2B5B5 /* LearnGitTests */,
				34CE416C1B3A44F300B2B5B5 /* Products */,
			);
			sourceTree = "<group>";
		};
		34CE416C1B3A44F300B2B5B5 /* Products */ = {
			isa = PBXGroup;
			children = (
				34CE416B1B3A44F300B2B5B5 /* LearnGit.app */,
				34CE417E1B3A44F300B2B5B5 /* LearnGitTests.xctest */,
			);
			name = Products;
			sourceTree = "<group>";
		};
		34CE416D1B3A44F300B2B5B5 /* LearnGit */ = {
			isa = PBXGroup;
			children = (
				34CE41721B3A44F300B2B5B5 /* AppDelegate.h */,
				34CE41731B3A44F300B2B5B5 /* AppDelegate.m */,
				34CE418E1B3A478600B2B5B5 /* gaga.h */,
				34CE418F1B3A478600B2B5B5 /* gaga.m */,
				34CE41751B3A44F300B2B5B5 /* Images.xcassets */,
				34CE41771B3A44F300B2B5B5 /* LaunchScreen.xib */,
				34CE416E1B3A44F300B2B5B5 /* Supporting Files */,
			);
			path = LearnGit;
			sourceTree = "<group>";
		};
		34CE416E1B3A44F300B2B5B5 /* Supporting Files */ = {
			isa = PBXGroup;
			children = (
				34CE416F1B3A44F300B2B5B5 /* Info.plist */,
				34CE41701B3A44F300B2B5B5 /* main.m */,
			);
			name = "Supporting Files";
			sourceTree = "<group>";
		};
		34CE41811B3A44F300B2B5B5 /* LearnGitTests */ = {
			isa = PBXGroup;
			children = (
				34CE41841B3A44F300B2B5B5 /* LearnGitTests.m */,
				34CE41821B3A44F300B2B5B5 /* Supporting Files */,
			);
			path = LearnGitTests;
			sourceTree = "<group>";
		};
		34CE41821B3A44F300B2B5B5 /* Supporting Files */ = {
			isa = PBXGroup;
			children = (
				34CE41831B3A44F300B2B5B5 /* Info.plist */,
			);
			name = "Supporting Files";
			sourceTree = "<group>";
		};
/* End PBXGroup section */

/* Begin PBXNativeTarget section */
		34CE416A1B3A44F300B2B5B5 /* LearnGit */ = {
			isa = PBXNativeTarget;
			buildConfigurationList = 34CE41881B3A44F300B2B5B5 /* Build configuration list for PBXNativeTarget "LearnGit" */;
			buildPhases = (
				34CE41671B3A44F300B2B5B5 /* Sources */,
				34CE41681B3A44F300B2B5B5 /* Frameworks */,
				34CE41691B3A44F300B2B5B5 /* Resources */,
			);
			buildRules = (
			);
			dependencies = (
			);
			name = LearnGit;
			productName = LearnGit;
			productReference = 34CE416B1B3A44F300B2B5B5 /* LearnGit.app */;
			productType = "com.apple.product-type.application";
		};
		34CE417D1B3A44F300B2B5B5 /* LearnGitTests */ = {
			isa = PBXNativeTarget;
			buildConfigurationList = 34CE418B1B3A44F300B2B5B5 /* Build configuration list for PBXNativeTarget "LearnGitTests" */;
			buildPhases = (
				34CE417A1B3A44F300B2B5B5 /* Sources */,
				34CE417B1B3A44F300B2B5B5 /* Frameworks */,
				34CE417C1B3A44F300B2B5B5 /* Resources */,
			);
			buildRules = (
			);
			dependencies = (
				34CE41801B3A44F300B2B5B5 /* PBXTargetDependency */,
			);
			name = LearnGitTests;
			productName = LearnGitTests;
			productReference = 34CE417E1B3A44F300B2B5B5 /* LearnGitTests.xctest */;
			productType = "com.apple.product-type.bundle.unit-test";
		};
/* End PBXNativeTarget section */

/* Begin PBXProject section */
		34CE41631B3A44F300B2B5B5 /* Project object */ = {
			isa = PBXProject;
			attributes = {
				LastUpgradeCheck = 0610;
				ORGANIZATIONNAME = lanou3g.com;
				TargetAttributes = {
					34CE416A1B3A44F300B2B5B5 = {
						CreatedOnToolsVersion = 6.1;
					};
					34CE417D1B3A44F300B2B5B5 = {
						CreatedOnToolsVersion = 6.1;
						TestTargetID = 34CE416A1B3A44F300B2B5B5;
					};
				};
			};
			buildConfigurationList = 34CE41661B3A44F300B2B5B5 /* Build configuration list for PBXProject "LearnGit" */;
			compatibilityVersion = "Xcode 3.2";
			developmentRegion = English;
			hasScannedForEncodings = 0;
			knownRegions = (
				en,
				Base,
			);
			mainGroup = 34CE41621B3A44F300B2B5B5;
			productRefGroup = 34CE416C1B3A44F300B2B5B5 /* Products */;
			projectDirPath = "";
			projectRoot = "";
			targets = (
				34CE416A1B3A44F300B2B5B5 /* LearnGit */,
				34CE417D1B3A44F300B2B5B5 /* LearnGitTests */,
			);
		};
/* End PBXProject section */

/* Begin PBXResourcesBuildPhase section */
		34CE41691B3A44F300B2B5B5 /* Resources */ = {
			isa = PBXResourcesBuildPhase;
			buildActionMask = 2147483647;
			files = (
				34CE41791B3A44F300B2B5B5 /* LaunchScreen.xib in Resources */,
				34CE41761B3A44F300B2B5B5 /* Images.xcassets in Resources */,
			);
			runOnlyForDeploymentPostprocessing = 0;
		};
		34CE417C1B3A44F300B2B5B5 /* Resources */ = {
			isa = PBXResourcesBuildPhase;
			buildActionMask = 2147483647;
			files = (
			);
			runOnlyForDeploymentPostprocessing = 0;
		};
/* End PBXResourcesBuildPhase section */

/* Begin PBXSourcesBuildPhase section */
		34CE41671B3A44F300B2B5B5 /* Sources */ = {
			isa = PBXSourcesBuildPhase;
			buildActionMask = 2147483647;
			files = (
				34CE41901B3A478600B2B5B5 /* gaga.m in Sources */,
				34CE41741B3A44F300B2B5B5 /* AppDelegate.m in Sources */,
				34CE41711B3A44F300B2B5B5 /* main.m in Sources */,
			);
			runOnlyForDeploymentPostprocessing = 0;
		};
		34CE417A1B3A44F300B2B5B5 /* Sources */ = {
			isa = PBXSourcesBuildPhase;
			buildActionMask = 2147483647;
			files = (
				34CE41851B3A44F300B2B5B5 /* LearnGitTests.m in Sources */,
			);
			runOnlyForDeploymentPostprocessing = 0;
		};
/* End PBXSourcesBuildPhase section */

/* Begin PBXTargetDependency section */
		34CE41801B3A44F300B2B5B5 /* PBXTargetDependency */ = {
			isa = PBXTargetDependency;
			target = 34CE416A1B3A44F300B2B5B5 /* LearnGit */;
			targetProxy = 34CE417F1B3A44F300B2B5B5 /* PBXContainerItemProxy */;
		};
/* End PBXTargetDependency section */

/* Begin PBXVariantGroup section */
		34CE41771B3A44F300B2B5B5 /* LaunchScreen.xib */ = {
			isa = PBXVariantGroup;
			children = (
				34CE41781B3A44F300B2B5B5 /* Base */,
			);
			name = LaunchScreen.xib;
			sourceTree = "<group>";
		};
/* End PBXVariantGroup section */

/* Begin XCBuildConfiguration section */
		34CE41861B3A44F300B2B5B5 /* Debug */ = {
			isa = XCBuildConfiguration;
			buildSettings = {
				ALWAYS_SEARCH_USER_PATHS = NO;
				CLANG_CXX_LANGUAGE_STANDARD = "gnu++0x";
				CLANG_CXX_LIBRARY = "libc++";
				CLANG_ENABLE_MODULES = YES;
				CLANG_ENABLE_OBJC_ARC = YES;
				CLANG_WARN_BOOL_CONVERSION = YES;
				CLANG_WARN_CONSTANT_CONVERSION = YES;
				CLANG_WARN_DIRECT_OBJC_ISA_USAGE = YES_ERROR;
				CLANG_WARN_EMPTY_BODY = YES;
				CLANG_WARN_ENUM_CONVERSION = YES;
				CLANG_WARN_INT_CONVERSION = YES;
				CLANG_WARN_OBJC_ROOT_CLASS = YES_ERROR;
				CLANG_WARN_UNREACHABLE_CODE = YES;
				CLANG_WARN__DUPLICATE_METHOD_MATCH = YES;
				"CODE_SIGN_IDENTITY[sdk=iphoneos*]" = "iPhone Developer";
				COPY_PHASE_STRIP = NO;
				ENABLE_STRICT_OBJC_MSGSEND = YES;
				GCC_C_LANGUAGE_STANDARD = gnu99;
				GCC_DYNAMIC_NO_PIC = NO;
				GCC_OPTIMIZATION_LEVEL = 0;
				GCC_PREPROCESSOR_DEFINITIONS = (
					"DEBUG=1",
					"$(inherited)",
				);
				GCC_SYMBOLS_PRIVATE_EXTERN = NO;
				GCC_WARN_64_TO_32_BIT_CONVERSION = YES;
				GCC_WARN_ABOUT_RETURN_TYPE = YES_ERROR;
				GCC_WARN_UNDECLARED_SELECTOR = YES;
				GCC_WARN_UNINITIALIZED_AUTOS = YES_AGGRESSIVE;
				GCC_WARN_UNUSED_FUNCTION = YES;
				GCC_WARN_UNUSED_VARIABLE = YES;
				IPHONEOS_DEPLOYMENT_TARGET = 8.1;
				MTL_ENABLE_DEBUG_INFO = YES;
				ONLY_ACTIVE_ARCH = YES;
				SDKROOT = iphoneos;
				TARGETED_DEVICE_FAMILY = "1,2";
			};
			name = Debug;
		};
		34CE41871B3A44F300B2B5B5 /* Release */ = {
			isa = XCBuildConfiguration;
			buildSettings = {
				ALWAYS_SEARCH_USER_PATHS = NO;
				CLANG_CXX_LANGUAGE_STANDARD = "gnu++0x";
				CLANG_CXX_LIBRARY = "libc++";
				CLANG_ENABLE_MODULES = YES;
				CLANG_ENABLE_OBJC_ARC = YES;
				CLANG_WARN_BOOL_CONVERSION = YES;
				CLANG_WARN_CONSTANT_CONVERSION = YES;
				CLANG_WARN_DIRECT_OBJC_ISA_USAGE = YES_ERROR;
				CLANG_WARN_EMPTY_BODY = YES;
				CLANG_WARN_ENUM_CONVERSION = YES;
				CLANG_WARN_INT_CONVERSION = YES;
				CLANG_WARN_OBJC_ROOT_CLASS = YES_ERROR;
				CLANG_WARN_UNREACHABLE_CODE = YES;
				CLANG_WARN__DUPLICATE_METHOD_MATCH = YES;
				"CODE_SIGN_IDENTITY[sdk=iphoneos*]" = "iPhone Developer";
				COPY_PHASE_STRIP = YES;
				ENABLE_NS_ASSERTIONS = NO;
				ENABLE_STRICT_OBJC_MSGSEND = YES;
				GCC_C_LANGUAGE_STANDARD = gnu99;
				GCC_WARN_64_TO_32_BIT_CONVERSION = YES;
				GCC_WARN_ABOUT_RETURN_TYPE = YES_ERROR;
				GCC_WARN_UNDECLARED_SELECTOR = YES;
				GCC_WARN_UNINITIALIZED_AUTOS = YES_AGGRESSIVE;
				GCC_WARN_UNUSED_FUNCTION = YES;
				GCC_WARN_UNUSED_VARIABLE = YES;
				IPHONEOS_DEPLOYMENT_TARGET = 8.1;
				MTL_ENABLE_DEBUG_INFO = NO;
				SDKROOT = iphoneos;
				TARGETED_DEVICE_FAMILY = "1,2";
				VALIDATE_PRODUCT = YES;
			};
			name = Release;
		};
		34CE41891B3A44F300B2B5B5 /* Debug */ = {
			isa = XCBuildConfiguration;
			buildSettings = {
				ASSETCATALOG_COMPILER_APPICON_NAME = AppIcon;
				INFOPLIST_FILE = LearnGit/Info.plist;
				LD_RUNPATH_SEARCH_PATHS = "$(inherited) @executable_path/Frameworks";
				PRODUCT_NAME = "$(TARGET_NAME)";
			};
			name = Debug;
		};
		34CE418A1B3A44F300B2B5B5 /* Release */ = {
			isa = XCBuildConfiguration;
			buildSettings = {
				ASSETCATALOG_COMPILER_APPICON_NAME = AppIcon;
				INFOPLIST_FILE = LearnGit/Info.plist;
				LD_RUNPATH_SEARCH_PATHS = "$(inherited) @executable_path/Frameworks";
				PRODUCT_NAME = "$(TARGET_NAME)";
			};
			name = Release;
		};
		34CE418C1B3A44F300B2B5B5 /* Debug */ = {
			isa = XCBuildConfiguration;
			buildSettings = {
				BUNDLE_LOADER = "$(TEST_HOST)";
				FRAMEWORK_SEARCH_PATHS = (
					"$(SDKROOT)/Developer/Library/Frameworks",
					"$(inherited)",
				);
				GCC_PREPROCESSOR_DEFINITIONS = (
					"DEBUG=1",
					"$(inherited)",
				);
				INFOPLIST_FILE = LearnGitTests/Info.plist;
				LD_RUNPATH_SEARCH_PATHS = "$(inherited) @executable_path/Frameworks @loader_path/Frameworks";
				PRODUCT_NAME = "$(TARGET_NAME)";
				TEST_HOST = "$(BUILT_PRODUCTS_DIR)/LearnGit.app/LearnGit";
			};
			name = Debug;
		};
		34CE418D1B3A44F300B2B5B5 /* Release */ = {
			isa = XCBuildConfiguration;
			buildSettings = {
				BUNDLE_LOADER = "$(TEST_HOST)";
				FRAMEWORK_SEARCH_PATHS = (
					"$(SDKROOT)/Developer/Library/Frameworks",
					"$(inherited)",
				);
				INFOPLIST_FILE = LearnGitTests/Info.plist;
				LD_RUNPATH_SEARCH_PATHS = "$(inherited) @executable_path/Frameworks @loader_path/Frameworks";
				PRODUCT_NAME = "$(TARGET_NAME)";
				TEST_HOST = "$(BUILT_PRODUCTS_DIR)/LearnGit.app/LearnGit";
			};
			name = Release;
		};
/* End XCBuildConfiguration section */

/* Begin XCConfigurationList section */
		34CE41661B3A44F300B2B5B5 /* Build configuration list for PBXProject "LearnGit" */ = {
			isa = XCConfigurationList;
			buildConfigurations = (
				34CE41861B3A44F300B2B5B5 /* Debug */,
				34CE41871B3A44F300B2B5B5 /* Release */,
			);
			defaultConfigurationIsVisible = 0;
			defaultConfigurationName = Release;
		};
		34CE41881B3A44F300B2B5B5 /* Build configuration list for PBXNativeTarget "LearnGit" */ = {
			isa = XCConfigurationList;
			buildConfigurations = (
				34CE41891B3A44F300B2B5B5 /* Debug */,
				34CE418A1B3A44F300B2B5B5 /* Release */,
			);
			defaultConfigurationIsVisible = 0;
		};
		34CE418B1B3A44F300B2B5B5 /* Build configuration list for PBXNativeTarget "LearnGitTests" */ = {
			isa = XCConfigurationList;
			buildConfigurations = (
				34CE418C1B3A44F300B2B5B5 /* Debug */,
				34CE418D1B3A44F300B2B5B5 /* Release */,
			);
			defaultConfigurationIsVisible = 0;
		};
/* End XCConfigurationList section */
	};
	rootObject = 34CE41631B3A44F300B2B5B5 /* Project object */;
}
